
Microsoft Visual Studio Solution File, Format Version 12.00
# Visual Studio 14
VisualStudioVersion = 14.0.25420.1
MinimumVisualStudioVersion = 10.0.40219.1
Project("{FAE04EC0-301F-11D3-BF4B-00C04F79EFBC}") = "IP_addresses", "IP_addresses\IP_addresses.csproj", "{A2242D89-512C-44D8-81AB-5E51E85DEFFB}"
EndProject
Project("{FAE04EC0-301F-11D3-BF4B-00C04F79EFBC}") = "Request_sending", "Request_sending\Request_sending.csproj", "{A6DB8641-8A8F-41D8-9F31-FCD2EAFBE76B}"
EndProject
Project("{FAE04EC0-301F-11D3-BF4B-00C04F79EFBC}") = "Sockets", "Sockets\Sockets.csproj", "{3165C498-1FC3-4758-B3FE-EE53593C5ECC}"
EndProject
Project("{FAE04EC0-301F-11D3-BF4B-00C04F79EFBC}") = "Client_Side_Sockets", "Client_Side_Sockets\Client_Side_Sockets.csproj", "{9AD98706-C725-4E05-A6D7-BB7196D202DB}"
EndProject
Project("{FAE04EC0-301F-11D3-BF4B-00C04F79EFBC}") = "HTTPListener", "HTTPListener\HTTPListener.csproj", "{DBEFE788-4682-4226-BD28-0F9F0BCB6D32}"
EndProject
Global
	GlobalSection(SolutionConfigurationPlatforms) = preSolution
		Debug|Any CPU = Debug|Any CPU
		Release|Any CPU = Release|Any CPU
	EndGlobalSection
	GlobalSection(ProjectConfigurationPlatforms) = postSolution
		{A2242D89-512C-44D8-81AB-5E51E85DEFFB}.Debug|Any CPU.ActiveCfg = Debug|Any CPU
		{A2242D89-512C-44D8-81AB-5E51E85DEFFB}.Debug|Any CPU.Build.0 = Debug|Any CPU
		{A2242D89-512C-44D8-81AB-5E51E85DEFFB}.Release|Any CPU.ActiveCfg = Release|Any CPU
		{A2242D89-512C-44D8-81AB-5E51E85DEFFB}.Release|Any CPU.Build.0 = Release|Any CPU
		{A6DB8641-8A8F-41D8-9F31-FCD2EAFBE76B}.Debug|Any CPU.ActiveCfg = Debug|Any CPU
		{A6DB8641-8A8F-41D8-9F31-FCD2EAFBE76B}.Debug|Any CPU.Build.0 = Debug|Any CPU
		{A6DB8641-8A8F-41D8-9F31-FCD2EAFBE76B}.Release|Any CPU.ActiveCfg = Release|Any CPU
		{A6DB8641-8A8F-41D8-9F31-FCD2EAFBE76B}.Release|Any CPU.Build.0 = Release|Any CPU
		{3165C498-1FC3-4758-B3FE-EE53593C5ECC}.Debug|Any CPU.ActiveCfg = Debug|Any CPU
		{3165C498-1FC3-4758-B3FE-EE53593C5ECC}.Debug|Any CPU.Build.0 = Debug|Any CPU
		{3165C498-1FC3-4758-B3FE-EE53593C5ECC}.Release|Any CPU.ActiveCfg = Release|Any CPU
		{3165C498-1FC3-4758-B3FE-EE53593C5ECC}.Release|Any CPU.Build.0 = Release|Any CPU
		{9AD98706-C725-4E05-A6D7-BB7196D202DB}.Debug|Any CPU.ActiveCfg = Debug|Any CPU
		{9AD98706-C725-4E05-A6D7-BB7196D202DB}.Debug|Any CPU.Build.0 = Debug|Any CPU
		{9AD98706-C725-4E05-A6D7-BB7196D202DB}.Release|Any CPU.ActiveCfg = Release|Any CPU
		{9AD98706-C725-4E05-A6D7-BB7196D202DB}.Release|Any CPU.Build.0 = Release|Any CPU
		{DBEFE788-4682-4226-BD28-0F9F0BCB6D32}.Debug|Any CPU.ActiveCfg = Debug|Any CPU
		{DBEFE788-4682-4226-BD28-0F9F0BCB6D32}.Debug|Any CPU.Build.0 = Debug|Any CPU
		{DBEFE788-4682-4226-BD28-0F9F0BCB6D32}.Release|Any CPU.ActiveCfg = Release|Any CPU
		{DBEFE788-4682-4226-BD28-0F9F0BCB6D32}.Release|Any CPU.Build.0 = Release|Any CPU
	EndGlobalSection
	GlobalSection(SolutionProperties) = preSolution
		HideSolutionNode = FALSE
	EndGlobalSection
EndGlobal
